name: update-flake-lock
on:
  workflow_dispatch:
  schedule:
    - cron: "0 0 * * 0" # runs weekly on Sunday at 00:00

jobs:
  lockfile:
    runs-on: ubuntu-latest
    steps:
      - uses: actions/checkout@v4
        with:
          fetch-depth: 0
      - name: install nix
        uses: cachix/install-nix-action@v25
        with:
          github_access_token: ${{ secrets.GITHUB_TOKEN }}
          nix_path: nixpkgs=channel:nixos-unstable
      - name: update flake.lock
        uses: DeterminateSystems/update-flake-lock@v3
        with:
          inputs: nixpkgs
